// !$*UTF8*$!
{
	archiveVersion = 1;
	classes = {
	};
	objectVersion = 56;
	objects = {

/* Begin PBXBuildFile section */
		0983F6F729A3A2FB00E9D8F8 /* AppDelegate.swift in Sources */ = {isa = PBXBuildFile; fileRef = 0983F6F629A3A2FB00E9D8F8 /* AppDelegate.swift */; };
		0983F6F929A3A2FB00E9D8F8 /* SceneDelegate.swift in Sources */ = {isa = PBXBuildFile; fileRef = 0983F6F829A3A2FB00E9D8F8 /* SceneDelegate.swift */; };
		0983F70029A3A2FE00E9D8F8 /* Assets.xcassets in Resources */ = {isa = PBXBuildFile; fileRef = 0983F6FF29A3A2FE00E9D8F8 /* Assets.xcassets */; };
		0983F70329A3A2FE00E9D8F8 /* LaunchScreen.storyboard in Resources */ = {isa = PBXBuildFile; fileRef = 0983F70129A3A2FE00E9D8F8 /* LaunchScreen.storyboard */; };
		0983F70E29A3A37200E9D8F8 /* IFDoorsViewController.swift in Sources */ = {isa = PBXBuildFile; fileRef = 0983F70D29A3A37200E9D8F8 /* IFDoorsViewController.swift */; };
		0983F71029A3A3A600E9D8F8 /* IFDoorModel.swift in Sources */ = {isa = PBXBuildFile; fileRef = 0983F70F29A3A3A600E9D8F8 /* IFDoorModel.swift */; };
		0983F71229A3A3B400E9D8F8 /* IFDoorsModel.swift in Sources */ = {isa = PBXBuildFile; fileRef = 0983F71129A3A3B400E9D8F8 /* IFDoorsModel.swift */; };
		2EFC19D09D872A64053EBCD0 /* Pods_IFDoors.framework in Frameworks */ = {isa = PBXBuildFile; fileRef = 28AC8DF0CE12A9E59CE20493 /* Pods_IFDoors.framework */; };
/* End PBXBuildFile section */

/* Begin PBXFileReference section */
		04A04393B169A41E18FE568C /* Pods-IFDoors.release.xcconfig */ = {isa = PBXFileReference; includeInIndex = 1; lastKnownFileType = text.xcconfig; name = "Pods-IFDoors.release.xcconfig"; path = "Target Support Files/Pods-IFDoors/Pods-IFDoors.release.xcconfig"; sourceTree = "<group>"; };
		0983F6F329A3A2FB00E9D8F8 /* IFDoors.app */ = {isa = PBXFileReference; explicitFileType = wrapper.application; includeInIndex = 0; path = IFDoors.app; sourceTree = BUILT_PRODUCTS_DIR; };
		0983F6F629A3A2FB00E9D8F8 /* AppDelegate.swift */ = {isa = PBXFileReference; lastKnownFileType = sourcecode.swift; path = AppDelegate.swift; sourceTree = "<group>"; };
		0983F6F829A3A2FB00E9D8F8 /* SceneDelegate.swift */ = {isa = PBXFileReference; lastKnownFileType = sourcecode.swift; path = SceneDelegate.swift; sourceTree = "<group>"; };
		0983F6FF29A3A2FE00E9D8F8 /* Assets.xcassets */ = {isa = PBXFileReference; lastKnownFileType = folder.assetcatalog; path = Assets.xcassets; sourceTree = "<group>"; };
		0983F70229A3A2FE00E9D8F8 /* Base */ = {isa = PBXFileReference; lastKnownFileType = file.storyboard; name = Base; path = Base.lproj/LaunchScreen.storyboard; sourceTree = "<group>"; };
		0983F70429A3A2FE00E9D8F8 /* Info.plist */ = {isa = PBXFileReference; lastKnownFileType = text.plist.xml; path = Info.plist; sourceTree = "<group>"; };
		0983F70D29A3A37200E9D8F8 /* IFDoorsViewController.swift */ = {isa = PBXFileReference; lastKnownFileType = sourcecode.swift; path = IFDoorsViewController.swift; sourceTree = "<group>"; };
		0983F70F29A3A3A600E9D8F8 /* IFDoorModel.swift */ = {isa = PBXFileReference; lastKnownFileType = sourcecode.swift; path = IFDoorModel.swift; sourceTree = "<group>"; };
		0983F71129A3A3B400E9D8F8 /* IFDoorsModel.swift */ = {isa = PBXFileReference; lastKnownFileType = sourcecode.swift; path = IFDoorsModel.swift; sourceTree = "<group>"; };
		28AC8DF0CE12A9E59CE20493 /* Pods_IFDoors.framework */ = {isa = PBXFileReference; explicitFileType = wrapper.framework; includeInIndex = 0; path = Pods_IFDoors.framework; sourceTree = BUILT_PRODUCTS_DIR; };
		AF514AD2B7B60E8D666DB875 /* Pods-IFDoors.debug.xcconfig */ = {isa = PBXFileReference; includeInIndex = 1; lastKnownFileType = text.xcconfig; name = "Pods-IFDoors.debug.xcconfig"; path = "Target Support Files/Pods-IFDoors/Pods-IFDoors.debug.xcconfig"; sourceTree = "<group>"; };
/* End PBXFileReference section */

/* Begin PBXFrameworksBuildPhase section */
		0983F6F029A3A2FB00E9D8F8 /* Frameworks */ = {
			isa = PBXFrameworksBuildPhase;
			buildActionMask = 2147483647;
			files = (
				2EFC19D09D872A64053EBCD0 /* Pods_IFDoors.framework in Frameworks */,
			);
			runOnlyForDeploymentPostprocessing = 0;
		};
/* End PBXFrameworksBuildPhase section */

/* Begin PBXGroup section */
		0983F6EA29A3A2FB00E9D8F8 = {
			isa = PBXGroup;
			children = (
				0983F6F529A3A2FB00E9D8F8 /* IFDoors */,
				0983F6F429A3A2FB00E9D8F8 /* Products */,
				3AE380909835C86491AFC835 /* Pods */,
				673DA43241AA222F2FD33AAD /* Frameworks */,
			);
			sourceTree = "<group>";
		};
		0983F6F429A3A2FB00E9D8F8 /* Products */ = {
			isa = PBXGroup;
			children = (
				0983F6F329A3A2FB00E9D8F8 /* IFDoors.app */,
			);
			name = Products;
			sourceTree = "<group>";
		};
		0983F6F529A3A2FB00E9D8F8 /* IFDoors */ = {
			isa = PBXGroup;
			children = (
				0983F70A29A3A30700E9D8F8 /* AppLayer */,
				0983F70B29A3A32700E9D8F8 /* Models */,
				0983F70C29A3A33600E9D8F8 /* DoorsView */,
				0983F6FF29A3A2FE00E9D8F8 /* Assets.xcassets */,
				0983F70129A3A2FE00E9D8F8 /* LaunchScreen.storyboard */,
				0983F70429A3A2FE00E9D8F8 /* Info.plist */,
			);
			path = IFDoors;
			sourceTree = "<group>";
		};
		0983F70A29A3A30700E9D8F8 /* AppLayer */ = {
			isa = PBXGroup;
			children = (
				0983F6F629A3A2FB00E9D8F8 /* AppDelegate.swift */,
				0983F6F829A3A2FB00E9D8F8 /* SceneDelegate.swift */,
			);
			path = AppLayer;
			sourceTree = "<group>";
		};
		0983F70B29A3A32700E9D8F8 /* Models */ = {
			isa = PBXGroup;
			children = (
				0983F70F29A3A3A600E9D8F8 /* IFDoorModel.swift */,
				0983F71129A3A3B400E9D8F8 /* IFDoorsModel.swift */,
			);
			path = Models;
			sourceTree = "<group>";
		};
		0983F70C29A3A33600E9D8F8 /* DoorsView */ = {
			isa = PBXGroup;
			children = (
				0983F70D29A3A37200E9D8F8 /* IFDoorsViewController.swift */,
			);
			path = DoorsView;
			sourceTree = "<group>";
		};
		3AE380909835C86491AFC835 /* Pods */ = {
			isa = PBXGroup;
			children = (
				AF514AD2B7B60E8D666DB875 /* Pods-IFDoors.debug.xcconfig */,
				04A04393B169A41E18FE568C /* Pods-IFDoors.release.xcconfig */,
			);
			path = Pods;
			sourceTree = "<group>";
		};
		673DA43241AA222F2FD33AAD /* Frameworks */ = {
			isa = PBXGroup;
			children = (
				28AC8DF0CE12A9E59CE20493 /* Pods_IFDoors.framework */,
			);
			name = Frameworks;
			sourceTree = "<group>";
		};
/* End PBXGroup section */

/* Begin PBXNativeTarget section */
		0983F6F229A3A2FB00E9D8F8 /* IFDoors */ = {
			isa = PBXNativeTarget;
			buildConfigurationList = 0983F70729A3A2FE00E9D8F8 /* Build configuration list for PBXNativeTarget "IFDoors" */;
			buildPhases = (
				66F205EF2D142086E7E9D017 /* [CP] Check Pods Manifest.lock */,
				0983F6EF29A3A2FB00E9D8F8 /* Sources */,
				0983F6F029A3A2FB00E9D8F8 /* Frameworks */,
				0983F6F129A3A2FB00E9D8F8 /* Resources */,
				2401594B1E007D60DC662F32 /* [CP] Embed Pods Frameworks */,
			);
			buildRules = (
			);
			dependencies = (
			);
			name = IFDoors;
			productName = IFDoors;
			productReference = 0983F6F329A3A2FB00E9D8F8 /* IFDoors.app */;
			productType = "com.apple.product-type.application";
		};
/* End PBXNativeTarget section */

/* Begin PBXProject section */
		0983F6EB29A3A2FB00E9D8F8 /* Project object */ = {
			isa = PBXProject;
			attributes = {
				BuildIndependentTargetsInParallel = 1;
				LastSwiftUpdateCheck = 1420;
				LastUpgradeCheck = 1420;
				TargetAttributes = {
					0983F6F229A3A2FB00E9D8F8 = {
						CreatedOnToolsVersion = 14.2;
					};
				};
			};
			buildConfigurationList = 0983F6EE29A3A2FB00E9D8F8 /* Build configuration list for PBXProject "IFDoors" */;
			compatibilityVersion = "Xcode 14.0";
			developmentRegion = en;
			hasScannedForEncodings = 0;
			knownRegions = (
				en,
				Base,
			);
			mainGroup = 0983F6EA29A3A2FB00E9D8F8;
			productRefGroup = 0983F6F429A3A2FB00E9D8F8 /* Products */;
			projectDirPath = "";
			projectRoot = "";
			targets = (
				0983F6F229A3A2FB00E9D8F8 /* IFDoors */,
			);
		};
/* End PBXProject section */

/* Begin PBXResourcesBuildPhase section */
		0983F6F129A3A2FB00E9D8F8 /* Resources */ = {
			isa = PBXResourcesBuildPhase;
			buildActionMask = 2147483647;
			files = (
				0983F70329A3A2FE00E9D8F8 /* LaunchScreen.storyboard in Resources */,
				0983F70029A3A2FE00E9D8F8 /* Assets.xcassets in Resources */,
			);
			runOnlyForDeploymentPostprocessing = 0;
		};
/* End PBXResourcesBuildPhase section */

/* Begin PBXShellScriptBuildPhase section */
		2401594B1E007D60DC662F32 /* [CP] Embed Pods Frameworks */ = {
			isa = PBXShellScriptBuildPhase;
			buildActionMask = 2147483647;
			files = (
			);
			inputFileListPaths = (
				"${PODS_ROOT}/Target Support Files/Pods-IFDoors/Pods-IFDoors-frameworks-${CONFIGURATION}-input-files.xcfilelist",
			);
			name = "[CP] Embed Pods Frameworks";
			outputFileListPaths = (
				"${PODS_ROOT}/Target Support Files/Pods-IFDoors/Pods-IFDoors-frameworks-${CONFIGURATION}-output-files.xcfilelist",
			);
			runOnlyForDeploymentPostprocessing = 0;
			shellPath = /bin/sh;
			shellScript = "\"${PODS_ROOT}/Target Support Files/Pods-IFDoors/Pods-IFDoors-frameworks.sh\"\n";
			showEnvVarsInLog = 0;
		};
		66F205EF2D142086E7E9D017 /* [CP] Check Pods Manifest.lock */ = {
			isa = PBXShellScriptBuildPhase;
			buildActionMask = 2147483647;
			files = (
			);
			inputFileListPaths = (
			);
			inputPaths = (
				"${PODS_PODFILE_DIR_PATH}/Podfile.lock",
				"${PODS_ROOT}/Manifest.lock",
			);
			name = "[CP] Check Pods Manifest.lock";
			outputFileListPaths = (
			);
			outputPaths = (
				"$(DERIVED_FILE_DIR)/Pods-IFDoors-checkManifestLockResult.txt",
			);
			runOnlyForDeploymentPostprocessing = 0;
			shellPath = /bin/sh;
			shellScript = "diff \"${PODS_PODFILE_DIR_PATH}/Podfile.lock\" \"${PODS_ROOT}/Manifest.lock\" > /dev/null\nif [ $? != 0 ] ; then\n    # print error to STDERR\n    echo \"error: The sandbox is not in sync with the Podfile.lock. Run 'pod install' or update your CocoaPods installation.\" >&2\n    exit 1\nfi\n# This output is used by Xcode 'outputs' to avoid re-running this script phase.\necho \"SUCCESS\" > \"${SCRIPT_OUTPUT_FILE_0}\"\n";
			showEnvVarsInLog = 0;
		};
/* End PBXShellScriptBuildPhase section */

/* Begin PBXSourcesBuildPhase section */
		0983F6EF29A3A2FB00E9D8F8 /* Sources */ = {
			isa = PBXSourcesBuildPhase;
			buildActionMask = 2147483647;
			files = (
				0983F6F729A3A2FB00E9D8F8 /* AppDelegate.swift in Sources */,
				0983F6F929A3A2FB00E9D8F8 /* SceneDelegate.swift in Sources */,
				0983F71229A3A3B400E9D8F8 /* IFDoorsModel.swift in Sources */,
				0983F70E29A3A37200E9D8F8 /* IFDoorsViewController.swift in Sources */,
				0983F71029A3A3A600E9D8F8 /* IFDoorModel.swift in Sources */,
			);
			runOnlyForDeploymentPostprocessing = 0;
		};
/* End PBXSourcesBuildPhase section */

/* Begin PBXVariantGroup section */
		0983F70129A3A2FE00E9D8F8 /* LaunchScreen.storyboard */ = {
			isa = PBXVariantGroup;
			children = (
				0983F70229A3A2FE00E9D8F8 /* Base */,
			);
			name = LaunchScreen.storyboard;
			sourceTree = "<group>";
		};
/* End PBXVariantGroup section */

/* Begin XCBuildConfiguration section */
		0983F70529A3A2FE00E9D8F8 /* Debug */ = {
			isa = XCBuildConfiguration;
			buildSettings = {
				ALWAYS_SEARCH_USER_PATHS = NO;
				CLANG_ANALYZER_NONNULL = YES;
				CLANG_ANALYZER_NUMBER_OBJECT_CONVERSION = YES_AGGRESSIVE;
				CLANG_CXX_LANGUAGE_STANDARD = "gnu++20";
				CLANG_ENABLE_MODULES = YES;
				CLANG_ENABLE_OBJC_ARC = YES;
				CLANG_ENABLE_OBJC_WEAK = YES;
				CLANG_WARN_BLOCK_CAPTURE_AUTORELEASING = YES;
				CLANG_WARN_BOOL_CONVERSION = YES;
				CLANG_WARN_COMMA = YES;
				CLANG_WARN_CONSTANT_CONVERSION = YES;
				CLANG_WARN_DEPRECATED_OBJC_IMPLEMENTATIONS = YES;
				CLANG_WARN_DIRECT_OBJC_ISA_USAGE = YES_ERROR;
				CLANG_WARN_DOCUMENTATION_COMMENTS = YES;
				CLANG_WARN_EMPTY_BODY = YES;
				CLANG_WARN_ENUM_CONVERSION = YES;
				CLANG_WARN_INFINITE_RECURSION = YES;
				CLANG_WARN_INT_CONVERSION = YES;
				CLANG_WARN_NON_LITERAL_NULL_CONVERSION = YES;
				CLANG_WARN_OBJC_IMPLICIT_RETAIN_SELF = YES;
				CLANG_WARN_OBJC_LITERAL_CONVERSION = YES;
				CLANG_WARN_OBJC_ROOT_CLASS = YES_ERROR;
				CLANG_WARN_QUOTED_INCLUDE_IN_FRAMEWORK_HEADER = YES;
				CLANG_WARN_RANGE_LOOP_ANALYSIS = YES;
				CLANG_WARN_STRICT_PROTOTYPES = YES;
				CLANG_WARN_SUSPICIOUS_MOVE = YES;
				CLANG_WARN_UNGUARDED_AVAILABILITY = YES_AGGRESSIVE;
				CLANG_WARN_UNREACHABLE_CODE = YES;
				CLANG_WARN__DUPLICATE_METHOD_MATCH = YES;
				COPY_PHASE_STRIP = NO;
				DEBUG_INFORMATION_FORMAT = dwarf;
				ENABLE_STRICT_OBJC_MSGSEND = YES;
				ENABLE_TESTABILITY = YES;
				GCC_C_LANGUAGE_STANDARD = gnu11;
				GCC_DYNAMIC_NO_PIC = NO;
				GCC_NO_COMMON_BLOCKS = YES;
				GCC_OPTIMIZATION_LEVEL = 0;
				GCC_PREPROCESSOR_DEFINITIONS = (
					"DEBUG=1",
					"$(inherited)",
				);
				GCC_WARN_64_TO_32_BIT_CONVERSION = YES;
				GCC_WARN_ABOUT_RETURN_TYPE = YES_ERROR;
				GCC_WARN_UNDECLARED_SELECTOR = YES;
				GCC_WARN_UNINITIALIZED_AUTOS = YES_AGGRESSIVE;
				GCC_WARN_UNUSED_FUNCTION = YES;
				GCC_WARN_UNUSED_VARIABLE = YES;
				IPHONEOS_DEPLOYMENT_TARGET = 16.2;
				MTL_ENABLE_DEBUG_INFO = INCLUDE_SOURCE;
				MTL_FAST_MATH = YES;
				ONLY_ACTIVE_ARCH = YES;
				SDKROOT = iphoneos;
				SWIFT_ACTIVE_COMPILATION_CONDITIONS = DEBUG;
				SWIFT_OPTIMIZATION_LEVEL = "-Onone";
			};
			name = Debug;
		};
		0983F70629A3A2FE00E9D8F8 /* Release */ = {
			isa = XCBuildConfiguration;
			buildSettings = {
				ALWAYS_SEARCH_USER_PATHS = NO;
				CLANG_ANALYZER_NONNULL = YES;
				CLANG_ANALYZER_NUMBER_OBJECT_CONVERSION = YES_AGGRESSIVE;
				CLANG_CXX_LANGUAGE_STANDARD = "gnu++20";
				CLANG_ENABLE_MODULES = YES;
				CLANG_ENABLE_OBJC_ARC = YES;
				CLANG_ENABLE_OBJC_WEAK = YES;
				CLANG_WARN_BLOCK_CAPTURE_AUTORELEASING = YES;
				CLANG_WARN_BOOL_CONVERSION = YES;
				CLANG_WARN_COMMA = YES;
				CLANG_WARN_CONSTANT_CONVERSION = YES;
				CLANG_WARN_DEPRECATED_OBJC_IMPLEMENTATIONS = YES;
				CLANG_WARN_DIRECT_OBJC_ISA_USAGE = YES_ERROR;
				CLANG_WARN_DOCUMENTATION_COMMENTS = YES;
				CLANG_WARN_EMPTY_BODY = YES;
				CLANG_WARN_ENUM_CONVERSION = YES;
				CLANG_WARN_INFINITE_RECURSION = YES;
				CLANG_WARN_INT_CONVERSION = YES;
				CLANG_WARN_NON_LITERAL_NULL_CONVERSION = YES;
				CLANG_WARN_OBJC_IMPLICIT_RETAIN_SELF = YES;
				CLANG_WARN_OBJC_LITERAL_CONVERSION = YES;
				CLANG_WARN_OBJC_ROOT_CLASS = YES_ERROR;
				CLANG_WARN_QUOTED_INCLUDE_IN_FRAMEWORK_HEADER = YES;
				CLANG_WARN_RANGE_LOOP_ANALYSIS = YES;
				CLANG_WARN_STRICT_PROTOTYPES = YES;
				CLANG_WARN_SUSPICIOUS_MOVE = YES;
				CLANG_WARN_UNGUARDED_AVAILABILITY = YES_AGGRESSIVE;
				CLANG_WARN_UNREACHABLE_CODE = YES;
				CLANG_WARN__DUPLICATE_METHOD_MATCH = YES;
				COPY_PHASE_STRIP = NO;
				DEBUG_INFORMATION_FORMAT = "dwarf-with-dsym";
				ENABLE_NS_ASSERTIONS = NO;
				ENABLE_STRICT_OBJC_MSGSEND = YES;
				GCC_C_LANGUAGE_STANDARD = gnu11;
				GCC_NO_COMMON_BLOCKS = YES;
				GCC_WARN_64_TO_32_BIT_CONVERSION = YES;
				GCC_WARN_ABOUT_RETURN_TYPE = YES_ERROR;
				GCC_WARN_UNDECLARED_SELECTOR = YES;
				GCC_WARN_UNINITIALIZED_AUTOS = YES_AGGRESSIVE;
				GCC_WARN_UNUSED_FUNCTION = YES;
				GCC_WARN_UNUSED_VARIABLE = YES;
				IPHONEOS_DEPLOYMENT_TARGET = 16.2;
				MTL_ENABLE_DEBUG_INFO = NO;
				MTL_FAST_MATH = YES;
				SDKROOT = iphoneos;
				SWIFT_COMPILATION_MODE = wholemodule;
				SWIFT_OPTIMIZATION_LEVEL = "-O";
				VALIDATE_PRODUCT = YES;
			};
			name = Release;
		};
		0983F70829A3A2FE00E9D8F8 /* Debug */ = {
			isa = XCBuildConfiguration;
			baseConfigurationReference = AF514AD2B7B60E8D666DB875 /* Pods-IFDoors.debug.xcconfig */;
			buildSettings = {
				ASSETCATALOG_COMPILER_APPICON_NAME = AppIcon;
				ASSETCATALOG_COMPILER_GLOBAL_ACCENT_COLOR_NAME = AccentColor;
				CODE_SIGN_STYLE = Automatic;
				CURRENT_PROJECT_VERSION = 1;
				DEVELOPMENT_TEAM = V33Y2M2HYU;
				GENERATE_INFOPLIST_FILE = YES;
				INFOPLIST_FILE = IFDoors/Info.plist;
				INFOPLIST_KEY_UIApplicationSupportsIndirectInputEvents = YES;
				INFOPLIST_KEY_UILaunchStoryboardName = LaunchScreen;
				INFOPLIST_KEY_UIMainStoryboardFile = "";
				INFOPLIST_KEY_UISupportedInterfaceOrientations = UIInterfaceOrientationPortrait;
				INFOPLIST_KEY_UISupportedInterfaceOrientations_iPad = "UIInterfaceOrientationLandscapeLeft UIInterfaceOrientationLandscapeRight UIInterfaceOrientationPortrait UIInterfaceOrientationPortraitUpsideDown";
				LD_RUNPATH_SEARCH_PATHS = (
					"$(inherited)",
					"@executable_path/Frameworks",
				);
				MARKETING_VERSION = 1.0;
				PRODUCT_BUNDLE_IDENTIFIER = ilya.fedorov.Doors;
				PRODUCT_NAME = "$(TARGET_NAME)";
				SUPPORTED_PLATFORMS = "iphoneos iphonesimulator";
				SUPPORTS_MACCATALYST = NO;
				SUPPORTS_MAC_DESIGNED_FOR_IPHONE_IPAD = NO;
				SWIFT_EMIT_LOC_STRINGS = YES;
				SWIFT_VERSION = 5.0;
				TARGETED_DEVICE_FAMILY = 1;
			};
			name = Debug;
		};
		0983F70929A3A2FE00E9D8F8 /* Release */ = {
			isa = XCBuildConfiguration;
			baseConfigurationReference = 04A04393B169A41E18FE568C /* Pods-IFDoors.release.xcconfig */;
			buildSettings = {
				ASSETCATALOG_COMPILER_APPICON_NAME = AppIcon;
				ASSETCATALOG_COMPILER_GLOBAL_ACCENT_COLOR_NAME = AccentColor;
				CODE_SIGN_STYLE = Automatic;
				CURRENT_PROJECT_VERSION = 1;
				DEVELOPMENT_TEAM = V33Y2M2HYU;
				GENERATE_INFOPLIST_FILE = YES;
				INFOPLIST_FILE = IFDoors/Info.plist;
				INFOPLIST_KEY_UIApplicationSupportsIndirectInputEvents = YES;
				INFOPLIST_KEY_UILaunchStoryboardName = LaunchScreen;
				INFOPLIST_KEY_UIMainStoryboardFile = "";
				INFOPLIST_KEY_UISupportedInterfaceOrientations = UIInterfaceOrientationPortrait;
				INFOPLIST_KEY_UISupportedInterfaceOrientations_iPad = "UIInterfaceOrientationLandscapeLeft UIInterfaceOrientationLandscapeRight UIInterfaceOrientationPortrait UIInterfaceOrientationPortraitUpsideDown";
				LD_RUNPATH_SEARCH_PATHS = (
					"$(inherited)",
					"@executable_path/Frameworks",
				);
				MARKETING_VERSION = 1.0;
				PRODUCT_BUNDLE_IDENTIFIER = ilya.fedorov.Doors;
				PRODUCT_NAME = "$(TARGET_NAME)";
				SUPPORTED_PLATFORMS = "iphoneos iphonesimulator";
				SUPPORTS_MACCATALYST = NO;
				SUPPORTS_MAC_DESIGNED_FOR_IPHONE_IPAD = NO;
				SWIFT_EMIT_LOC_STRINGS = YES;
				SWIFT_VERSION = 5.0;
				TARGETED_DEVICE_FAMILY = 1;
			};
			name = Release;
		};
/* End XCBuildConfiguration section */

/* Begin XCConfigurationList section */
		0983F6EE29A3A2FB00E9D8F8 /* Build configuration list for PBXProject "IFDoors" */ = {
			isa = XCConfigurationList;
			buildConfigurations = (
				0983F70529A3A2FE00E9D8F8 /* Debug */,
				0983F70629A3A2FE00E9D8F8 /* Release */,
			);
			defaultConfigurationIsVisible = 0;
			defaultConfigurationName = Release;
		};
		0983F70729A3A2FE00E9D8F8 /* Build configuration list for PBXNativeTarget "IFDoors" */ = {
			isa = XCConfigurationList;
			buildConfigurations = (
				0983F70829A3A2FE00E9D8F8 /* Debug */,
				0983F70929A3A2FE00E9D8F8 /* Release */,
			);
			defaultConfigurationIsVisible = 0;
			defaultConfigurationName = Release;
		};
/* End XCConfigurationList section */
	};
	rootObject = 0983F6EB29A3A2FB00E9D8F8 /* Project object */;
}
