// !$*UTF8*$!
{
	archiveVersion = 1;
	classes = {
	};
	objectVersion = 56;
	objects = {

/* Begin PBXBuildFile section */
		093C408929A8B33B00B4AECF /* IFDoorsStrings.swift in Sources */ = {isa = PBXBuildFile; fileRef = 093C408829A8B33B00B4AECF /* IFDoorsStrings.swift */; };
		093C408B29A8B4CA00B4AECF /* IFDoorsImages.swift in Sources */ = {isa = PBXBuildFile; fileRef = 093C408A29A8B4CA00B4AECF /* IFDoorsImages.swift */; };
		093C409729A8C98600B4AECF /* IFAutoDimentionTableView.swift in Sources */ = {isa = PBXBuildFile; fileRef = 093C409629A8C98600B4AECF /* IFAutoDimentionTableView.swift */; };
		093C409929A8DA4000B4AECF /* HUDProtocol.swift in Sources */ = {isa = PBXBuildFile; fileRef = 093C409829A8DA4000B4AECF /* HUDProtocol.swift */; };
		0983F6F729A3A2FB00E9D8F8 /* AppDelegate.swift in Sources */ = {isa = PBXBuildFile; fileRef = 0983F6F629A3A2FB00E9D8F8 /* AppDelegate.swift */; };
		0983F6F929A3A2FB00E9D8F8 /* SceneDelegate.swift in Sources */ = {isa = PBXBuildFile; fileRef = 0983F6F829A3A2FB00E9D8F8 /* SceneDelegate.swift */; };
		0983F70029A3A2FE00E9D8F8 /* Assets.xcassets in Resources */ = {isa = PBXBuildFile; fileRef = 0983F6FF29A3A2FE00E9D8F8 /* Assets.xcassets */; };
		0983F70329A3A2FE00E9D8F8 /* LaunchScreen.storyboard in Resources */ = {isa = PBXBuildFile; fileRef = 0983F70129A3A2FE00E9D8F8 /* LaunchScreen.storyboard */; };
		0983F70E29A3A37200E9D8F8 /* IFDoorsViewController.swift in Sources */ = {isa = PBXBuildFile; fileRef = 0983F70D29A3A37200E9D8F8 /* IFDoorsViewController.swift */; };
		0983F71029A3A3A600E9D8F8 /* IFDoorModel.swift in Sources */ = {isa = PBXBuildFile; fileRef = 0983F70F29A3A3A600E9D8F8 /* IFDoorModel.swift */; };
		0983F71229A3A3B400E9D8F8 /* IFDoorsModel.swift in Sources */ = {isa = PBXBuildFile; fileRef = 0983F71129A3A3B400E9D8F8 /* IFDoorsModel.swift */; };
		0983F71829A3EDA600E9D8F8 /* UIColor+Hex.swift in Sources */ = {isa = PBXBuildFile; fileRef = 0983F71729A3EDA600E9D8F8 /* UIColor+Hex.swift */; };
		0983F71B29A4B0E300E9D8F8 /* IFDoorsViewProps.swift in Sources */ = {isa = PBXBuildFile; fileRef = 0983F71A29A4B0E300E9D8F8 /* IFDoorsViewProps.swift */; };
		0983F71F29A4B40100E9D8F8 /* IFTableViewCellProps.swift in Sources */ = {isa = PBXBuildFile; fileRef = 0983F71E29A4B40100E9D8F8 /* IFTableViewCellProps.swift */; };
		0983F72929A4B9C400E9D8F8 /* IFViewProps.swift in Sources */ = {isa = PBXBuildFile; fileRef = 0983F72829A4B9C400E9D8F8 /* IFViewProps.swift */; };
		0983F72C29A4BEAF00E9D8F8 /* IFCommand.swift in Sources */ = {isa = PBXBuildFile; fileRef = 0983F72B29A4BEAF00E9D8F8 /* IFCommand.swift */; };
		0983F72F29A4BF6200E9D8F8 /* IFControlProps.swift in Sources */ = {isa = PBXBuildFile; fileRef = 0983F72E29A4BF6200E9D8F8 /* IFControlProps.swift */; };
		0983F73129A4BFA900E9D8F8 /* IFButtonProps.swift in Sources */ = {isa = PBXBuildFile; fileRef = 0983F73029A4BFA900E9D8F8 /* IFButtonProps.swift */; };
		0983F73329A4BFF400E9D8F8 /* IFImageViewPorps.swift in Sources */ = {isa = PBXBuildFile; fileRef = 0983F73229A4BFF400E9D8F8 /* IFImageViewPorps.swift */; };
		0983F73529A4C02500E9D8F8 /* IFLabelProps.swift in Sources */ = {isa = PBXBuildFile; fileRef = 0983F73429A4C02500E9D8F8 /* IFLabelProps.swift */; };
		0983F73729A4C09E00E9D8F8 /* IFLabel+Render.swift in Sources */ = {isa = PBXBuildFile; fileRef = 0983F73629A4C09E00E9D8F8 /* IFLabel+Render.swift */; };
		0983F73929A4C10D00E9D8F8 /* IFView+Render.swift in Sources */ = {isa = PBXBuildFile; fileRef = 0983F73829A4C10D00E9D8F8 /* IFView+Render.swift */; };
		0983F73E29A4C33000E9D8F8 /* IFControl+Render.swift in Sources */ = {isa = PBXBuildFile; fileRef = 0983F73D29A4C33000E9D8F8 /* IFControl+Render.swift */; };
		0983F74029A4C5E800E9D8F8 /* IFButton+Render.swift in Sources */ = {isa = PBXBuildFile; fileRef = 0983F73F29A4C5E800E9D8F8 /* IFButton+Render.swift */; };
		0983F74229A4CD6500E9D8F8 /* IFImageView+Render.swift in Sources */ = {isa = PBXBuildFile; fileRef = 0983F74129A4CD6500E9D8F8 /* IFImageView+Render.swift */; };
		0983F74529A4D01100E9D8F8 /* IFDoorTableViewCell.swift in Sources */ = {isa = PBXBuildFile; fileRef = 0983F74429A4D01100E9D8F8 /* IFDoorTableViewCell.swift */; };
		0983F74829A4D0D400E9D8F8 /* IFTableViewCellBase.swift in Sources */ = {isa = PBXBuildFile; fileRef = 0983F74729A4D0D400E9D8F8 /* IFTableViewCellBase.swift */; };
		0983F74B29A4D19200E9D8F8 /* IFViewLiffeCycle.swift in Sources */ = {isa = PBXBuildFile; fileRef = 0983F74A29A4D19200E9D8F8 /* IFViewLiffeCycle.swift */; };
		0983F74E29A4D21B00E9D8F8 /* IFView.swift in Sources */ = {isa = PBXBuildFile; fileRef = 0983F74D29A4D21B00E9D8F8 /* IFView.swift */; };
		0983F75129A4E82F00E9D8F8 /* IFBaseViewController.swift in Sources */ = {isa = PBXBuildFile; fileRef = 0983F75029A4E82F00E9D8F8 /* IFBaseViewController.swift */; };
		0983F75429A4EC7800E9D8F8 /* IFDoorsColors.swift in Sources */ = {isa = PBXBuildFile; fileRef = 0983F75329A4EC7800E9D8F8 /* IFDoorsColors.swift */; };
		0983F75629A4ECC300E9D8F8 /* IFDoorsMetrics.swift in Sources */ = {isa = PBXBuildFile; fileRef = 0983F75529A4ECC300E9D8F8 /* IFDoorsMetrics.swift */; };
		0983F75829A4FEC000E9D8F8 /* IFDoorTableViewCellProps.swift in Sources */ = {isa = PBXBuildFile; fileRef = 0983F75729A4FEC000E9D8F8 /* IFDoorTableViewCellProps.swift */; };
		0983F75E29A5207400E9D8F8 /* Sk-Modernist-Bold.otf in Resources */ = {isa = PBXBuildFile; fileRef = 0983F75B29A5207400E9D8F8 /* Sk-Modernist-Bold.otf */; };
		0983F75F29A5207400E9D8F8 /* Sk-Modernist-Regular.otf in Resources */ = {isa = PBXBuildFile; fileRef = 0983F75C29A5207400E9D8F8 /* Sk-Modernist-Regular.otf */; };
		0983F76029A5207400E9D8F8 /* Sk-Modernist-Mono.otf in Resources */ = {isa = PBXBuildFile; fileRef = 0983F75D29A5207400E9D8F8 /* Sk-Modernist-Mono.otf */; };
		0983F76229A520CE00E9D8F8 /* IFDoorsFonts.swift in Sources */ = {isa = PBXBuildFile; fileRef = 0983F76129A520CE00E9D8F8 /* IFDoorsFonts.swift */; };
		0983F76A29A54BCE00E9D8F8 /* doors_list.json in Resources */ = {isa = PBXBuildFile; fileRef = 0983F76929A54BCE00E9D8F8 /* doors_list.json */; };
		2EFC19D09D872A64053EBCD0 /* Pods_IFDoors.framework in Frameworks */ = {isa = PBXBuildFile; fileRef = 28AC8DF0CE12A9E59CE20493 /* Pods_IFDoors.framework */; };
/* End PBXBuildFile section */

/* Begin PBXFileReference section */
		04A04393B169A41E18FE568C /* Pods-IFDoors.release.xcconfig */ = {isa = PBXFileReference; includeInIndex = 1; lastKnownFileType = text.xcconfig; name = "Pods-IFDoors.release.xcconfig"; path = "Target Support Files/Pods-IFDoors/Pods-IFDoors.release.xcconfig"; sourceTree = "<group>"; };
		093C408829A8B33B00B4AECF /* IFDoorsStrings.swift */ = {isa = PBXFileReference; lastKnownFileType = sourcecode.swift; path = IFDoorsStrings.swift; sourceTree = "<group>"; };
		093C408A29A8B4CA00B4AECF /* IFDoorsImages.swift */ = {isa = PBXFileReference; lastKnownFileType = sourcecode.swift; path = IFDoorsImages.swift; sourceTree = "<group>"; };
		093C409629A8C98600B4AECF /* IFAutoDimentionTableView.swift */ = {isa = PBXFileReference; lastKnownFileType = sourcecode.swift; path = IFAutoDimentionTableView.swift; sourceTree = "<group>"; };
		093C409829A8DA4000B4AECF /* HUDProtocol.swift */ = {isa = PBXFileReference; lastKnownFileType = sourcecode.swift; path = HUDProtocol.swift; sourceTree = "<group>"; };
		0983F6F329A3A2FB00E9D8F8 /* IFDoors.app */ = {isa = PBXFileReference; explicitFileType = wrapper.application; includeInIndex = 0; path = IFDoors.app; sourceTree = BUILT_PRODUCTS_DIR; };
		0983F6F629A3A2FB00E9D8F8 /* AppDelegate.swift */ = {isa = PBXFileReference; lastKnownFileType = sourcecode.swift; path = AppDelegate.swift; sourceTree = "<group>"; };
		0983F6F829A3A2FB00E9D8F8 /* SceneDelegate.swift */ = {isa = PBXFileReference; lastKnownFileType = sourcecode.swift; path = SceneDelegate.swift; sourceTree = "<group>"; };
		0983F6FF29A3A2FE00E9D8F8 /* Assets.xcassets */ = {isa = PBXFileReference; lastKnownFileType = folder.assetcatalog; path = Assets.xcassets; sourceTree = "<group>"; };
		0983F70229A3A2FE00E9D8F8 /* Base */ = {isa = PBXFileReference; lastKnownFileType = file.storyboard; name = Base; path = Base.lproj/LaunchScreen.storyboard; sourceTree = "<group>"; };
		0983F70429A3A2FE00E9D8F8 /* Info.plist */ = {isa = PBXFileReference; lastKnownFileType = text.plist.xml; path = Info.plist; sourceTree = "<group>"; };
		0983F70D29A3A37200E9D8F8 /* IFDoorsViewController.swift */ = {isa = PBXFileReference; lastKnownFileType = sourcecode.swift; path = IFDoorsViewController.swift; sourceTree = "<group>"; };
		0983F70F29A3A3A600E9D8F8 /* IFDoorModel.swift */ = {isa = PBXFileReference; lastKnownFileType = sourcecode.swift; path = IFDoorModel.swift; sourceTree = "<group>"; };
		0983F71129A3A3B400E9D8F8 /* IFDoorsModel.swift */ = {isa = PBXFileReference; lastKnownFileType = sourcecode.swift; path = IFDoorsModel.swift; sourceTree = "<group>"; };
		0983F71729A3EDA600E9D8F8 /* UIColor+Hex.swift */ = {isa = PBXFileReference; lastKnownFileType = sourcecode.swift; path = "UIColor+Hex.swift"; sourceTree = "<group>"; };
		0983F71A29A4B0E300E9D8F8 /* IFDoorsViewProps.swift */ = {isa = PBXFileReference; lastKnownFileType = sourcecode.swift; path = IFDoorsViewProps.swift; sourceTree = "<group>"; };
		0983F71E29A4B40100E9D8F8 /* IFTableViewCellProps.swift */ = {isa = PBXFileReference; lastKnownFileType = sourcecode.swift; path = IFTableViewCellProps.swift; sourceTree = "<group>"; };
		0983F72829A4B9C400E9D8F8 /* IFViewProps.swift */ = {isa = PBXFileReference; lastKnownFileType = sourcecode.swift; path = IFViewProps.swift; sourceTree = "<group>"; };
		0983F72B29A4BEAF00E9D8F8 /* IFCommand.swift */ = {isa = PBXFileReference; lastKnownFileType = sourcecode.swift; path = IFCommand.swift; sourceTree = "<group>"; };
		0983F72E29A4BF6200E9D8F8 /* IFControlProps.swift */ = {isa = PBXFileReference; lastKnownFileType = sourcecode.swift; path = IFControlProps.swift; sourceTree = "<group>"; };
		0983F73029A4BFA900E9D8F8 /* IFButtonProps.swift */ = {isa = PBXFileReference; lastKnownFileType = sourcecode.swift; path = IFButtonProps.swift; sourceTree = "<group>"; };
		0983F73229A4BFF400E9D8F8 /* IFImageViewPorps.swift */ = {isa = PBXFileReference; lastKnownFileType = sourcecode.swift; path = IFImageViewPorps.swift; sourceTree = "<group>"; };
		0983F73429A4C02500E9D8F8 /* IFLabelProps.swift */ = {isa = PBXFileReference; lastKnownFileType = sourcecode.swift; path = IFLabelProps.swift; sourceTree = "<group>"; };
		0983F73629A4C09E00E9D8F8 /* IFLabel+Render.swift */ = {isa = PBXFileReference; lastKnownFileType = sourcecode.swift; path = "IFLabel+Render.swift"; sourceTree = "<group>"; };
		0983F73829A4C10D00E9D8F8 /* IFView+Render.swift */ = {isa = PBXFileReference; lastKnownFileType = sourcecode.swift; path = "IFView+Render.swift"; sourceTree = "<group>"; };
		0983F73D29A4C33000E9D8F8 /* IFControl+Render.swift */ = {isa = PBXFileReference; lastKnownFileType = sourcecode.swift; path = "IFControl+Render.swift"; sourceTree = "<group>"; };
		0983F73F29A4C5E800E9D8F8 /* IFButton+Render.swift */ = {isa = PBXFileReference; lastKnownFileType = sourcecode.swift; path = "IFButton+Render.swift"; sourceTree = "<group>"; };
		0983F74129A4CD6500E9D8F8 /* IFImageView+Render.swift */ = {isa = PBXFileReference; lastKnownFileType = sourcecode.swift; path = "IFImageView+Render.swift"; sourceTree = "<group>"; };
		0983F74429A4D01100E9D8F8 /* IFDoorTableViewCell.swift */ = {isa = PBXFileReference; lastKnownFileType = sourcecode.swift; path = IFDoorTableViewCell.swift; sourceTree = "<group>"; };
		0983F74729A4D0D400E9D8F8 /* IFTableViewCellBase.swift */ = {isa = PBXFileReference; lastKnownFileType = sourcecode.swift; path = IFTableViewCellBase.swift; sourceTree = "<group>"; };
		0983F74A29A4D19200E9D8F8 /* IFViewLiffeCycle.swift */ = {isa = PBXFileReference; lastKnownFileType = sourcecode.swift; path = IFViewLiffeCycle.swift; sourceTree = "<group>"; };
		0983F74D29A4D21B00E9D8F8 /* IFView.swift */ = {isa = PBXFileReference; lastKnownFileType = sourcecode.swift; path = IFView.swift; sourceTree = "<group>"; };
		0983F75029A4E82F00E9D8F8 /* IFBaseViewController.swift */ = {isa = PBXFileReference; lastKnownFileType = sourcecode.swift; path = IFBaseViewController.swift; sourceTree = "<group>"; };
		0983F75329A4EC7800E9D8F8 /* IFDoorsColors.swift */ = {isa = PBXFileReference; lastKnownFileType = sourcecode.swift; path = IFDoorsColors.swift; sourceTree = "<group>"; };
		0983F75529A4ECC300E9D8F8 /* IFDoorsMetrics.swift */ = {isa = PBXFileReference; lastKnownFileType = sourcecode.swift; path = IFDoorsMetrics.swift; sourceTree = "<group>"; };
		0983F75729A4FEC000E9D8F8 /* IFDoorTableViewCellProps.swift */ = {isa = PBXFileReference; lastKnownFileType = sourcecode.swift; path = IFDoorTableViewCellProps.swift; sourceTree = "<group>"; };
		0983F75B29A5207400E9D8F8 /* Sk-Modernist-Bold.otf */ = {isa = PBXFileReference; lastKnownFileType = file; path = "Sk-Modernist-Bold.otf"; sourceTree = "<group>"; };
		0983F75C29A5207400E9D8F8 /* Sk-Modernist-Regular.otf */ = {isa = PBXFileReference; lastKnownFileType = file; path = "Sk-Modernist-Regular.otf"; sourceTree = "<group>"; };
		0983F75D29A5207400E9D8F8 /* Sk-Modernist-Mono.otf */ = {isa = PBXFileReference; lastKnownFileType = file; path = "Sk-Modernist-Mono.otf"; sourceTree = "<group>"; };
		0983F76129A520CE00E9D8F8 /* IFDoorsFonts.swift */ = {isa = PBXFileReference; lastKnownFileType = sourcecode.swift; path = IFDoorsFonts.swift; sourceTree = "<group>"; };
		0983F76929A54BCE00E9D8F8 /* doors_list.json */ = {isa = PBXFileReference; fileEncoding = 4; lastKnownFileType = text.json; path = doors_list.json; sourceTree = "<group>"; };
		28AC8DF0CE12A9E59CE20493 /* Pods_IFDoors.framework */ = {isa = PBXFileReference; explicitFileType = wrapper.framework; includeInIndex = 0; path = Pods_IFDoors.framework; sourceTree = BUILT_PRODUCTS_DIR; };
		AF514AD2B7B60E8D666DB875 /* Pods-IFDoors.debug.xcconfig */ = {isa = PBXFileReference; includeInIndex = 1; lastKnownFileType = text.xcconfig; name = "Pods-IFDoors.debug.xcconfig"; path = "Target Support Files/Pods-IFDoors/Pods-IFDoors.debug.xcconfig"; sourceTree = "<group>"; };
/* End PBXFileReference section */

/* Begin PBXFrameworksBuildPhase section */
		0983F6F029A3A2FB00E9D8F8 /* Frameworks */ = {
			isa = PBXFrameworksBuildPhase;
			buildActionMask = 2147483647;
			files = (
				2EFC19D09D872A64053EBCD0 /* Pods_IFDoors.framework in Frameworks */,
			);
			runOnlyForDeploymentPostprocessing = 0;
		};
/* End PBXFrameworksBuildPhase section */

/* Begin PBXGroup section */
		0983F6EA29A3A2FB00E9D8F8 = {
			isa = PBXGroup;
			children = (
				0983F6F529A3A2FB00E9D8F8 /* IFDoors */,
				0983F6F429A3A2FB00E9D8F8 /* Products */,
				3AE380909835C86491AFC835 /* Pods */,
				673DA43241AA222F2FD33AAD /* Frameworks */,
			);
			sourceTree = "<group>";
		};
		0983F6F429A3A2FB00E9D8F8 /* Products */ = {
			isa = PBXGroup;
			children = (
				0983F6F329A3A2FB00E9D8F8 /* IFDoors.app */,
			);
			name = Products;
			sourceTree = "<group>";
		};
		0983F6F529A3A2FB00E9D8F8 /* IFDoors */ = {
			isa = PBXGroup;
			children = (
				0983F70A29A3A30700E9D8F8 /* AppLayer */,
				0983F71629A3ED8800E9D8F8 /* Extantions */,
				0983F70B29A3A32700E9D8F8 /* Models */,
				0983F72A29A4BE9600E9D8F8 /* Helpers */,
				0983F75229A4EC5800E9D8F8 /* Constants */,
				0983F72229A4B94F00E9D8F8 /* ViewsProps */,
				0983F74C29A4D1F700E9D8F8 /* Views */,
				0983F71329A3D58D00E9D8F8 /* TableViewCells */,
				0983F74F29A4E80E00E9D8F8 /* BaseViewController */,
				0983F70C29A3A33600E9D8F8 /* DoorsView */,
				0983F75929A51FD600E9D8F8 /* Resources */,
				0983F6FF29A3A2FE00E9D8F8 /* Assets.xcassets */,
				0983F70129A3A2FE00E9D8F8 /* LaunchScreen.storyboard */,
				0983F70429A3A2FE00E9D8F8 /* Info.plist */,
			);
			path = IFDoors;
			sourceTree = "<group>";
		};
		0983F70A29A3A30700E9D8F8 /* AppLayer */ = {
			isa = PBXGroup;
			children = (
				0983F6F629A3A2FB00E9D8F8 /* AppDelegate.swift */,
				0983F6F829A3A2FB00E9D8F8 /* SceneDelegate.swift */,
			);
			path = AppLayer;
			sourceTree = "<group>";
		};
		0983F70B29A3A32700E9D8F8 /* Models */ = {
			isa = PBXGroup;
			children = (
				0983F70F29A3A3A600E9D8F8 /* IFDoorModel.swift */,
				0983F71129A3A3B400E9D8F8 /* IFDoorsModel.swift */,
			);
			path = Models;
			sourceTree = "<group>";
		};
		0983F70C29A3A33600E9D8F8 /* DoorsView */ = {
			isa = PBXGroup;
			children = (
				0983F71929A4B0CC00E9D8F8 /* Props */,
				0983F70D29A3A37200E9D8F8 /* IFDoorsViewController.swift */,
			);
			path = DoorsView;
			sourceTree = "<group>";
		};
		0983F71329A3D58D00E9D8F8 /* TableViewCells */ = {
			isa = PBXGroup;
			children = (
				0983F74629A4D0BD00E9D8F8 /* BaseCell */,
				0983F74329A4CFF200E9D8F8 /* DoorCell */,
			);
			path = TableViewCells;
			sourceTree = "<group>";
		};
		0983F71629A3ED8800E9D8F8 /* Extantions */ = {
			isa = PBXGroup;
			children = (
				0983F71729A3EDA600E9D8F8 /* UIColor+Hex.swift */,
			);
			path = Extantions;
			sourceTree = "<group>";
		};
		0983F71929A4B0CC00E9D8F8 /* Props */ = {
			isa = PBXGroup;
			children = (
				0983F71A29A4B0E300E9D8F8 /* IFDoorsViewProps.swift */,
			);
			path = Props;
			sourceTree = "<group>";
		};
		0983F72229A4B94F00E9D8F8 /* ViewsProps */ = {
			isa = PBXGroup;
			children = (
				0983F72729A4B9A100E9D8F8 /* Label */,
				0983F72629A4B99300E9D8F8 /* ImageView */,
				0983F72529A4B98900E9D8F8 /* Button */,
				0983F72429A4B97A00E9D8F8 /* Control */,
				0983F72329A4B96900E9D8F8 /* View */,
			);
			path = ViewsProps;
			sourceTree = "<group>";
		};
		0983F72329A4B96900E9D8F8 /* View */ = {
			isa = PBXGroup;
			children = (
				0983F72829A4B9C400E9D8F8 /* IFViewProps.swift */,
				0983F73829A4C10D00E9D8F8 /* IFView+Render.swift */,
			);
			path = View;
			sourceTree = "<group>";
		};
		0983F72429A4B97A00E9D8F8 /* Control */ = {
			isa = PBXGroup;
			children = (
				0983F72E29A4BF6200E9D8F8 /* IFControlProps.swift */,
				0983F73D29A4C33000E9D8F8 /* IFControl+Render.swift */,
			);
			path = Control;
			sourceTree = "<group>";
		};
		0983F72529A4B98900E9D8F8 /* Button */ = {
			isa = PBXGroup;
			children = (
				0983F73029A4BFA900E9D8F8 /* IFButtonProps.swift */,
				0983F73F29A4C5E800E9D8F8 /* IFButton+Render.swift */,
			);
			path = Button;
			sourceTree = "<group>";
		};
		0983F72629A4B99300E9D8F8 /* ImageView */ = {
			isa = PBXGroup;
			children = (
				0983F73229A4BFF400E9D8F8 /* IFImageViewPorps.swift */,
				0983F74129A4CD6500E9D8F8 /* IFImageView+Render.swift */,
			);
			path = ImageView;
			sourceTree = "<group>";
		};
		0983F72729A4B9A100E9D8F8 /* Label */ = {
			isa = PBXGroup;
			children = (
				0983F73429A4C02500E9D8F8 /* IFLabelProps.swift */,
				0983F73629A4C09E00E9D8F8 /* IFLabel+Render.swift */,
			);
			path = Label;
			sourceTree = "<group>";
		};
		0983F72A29A4BE9600E9D8F8 /* Helpers */ = {
			isa = PBXGroup;
			children = (
				0983F72B29A4BEAF00E9D8F8 /* IFCommand.swift */,
			);
			path = Helpers;
			sourceTree = "<group>";
		};
		0983F74329A4CFF200E9D8F8 /* DoorCell */ = {
			isa = PBXGroup;
			children = (
				0983F75729A4FEC000E9D8F8 /* IFDoorTableViewCellProps.swift */,
				0983F74429A4D01100E9D8F8 /* IFDoorTableViewCell.swift */,
			);
			path = DoorCell;
			sourceTree = "<group>";
		};
		0983F74629A4D0BD00E9D8F8 /* BaseCell */ = {
			isa = PBXGroup;
			children = (
				0983F71E29A4B40100E9D8F8 /* IFTableViewCellProps.swift */,
				0983F74729A4D0D400E9D8F8 /* IFTableViewCellBase.swift */,
			);
			path = BaseCell;
			sourceTree = "<group>";
		};
		0983F74C29A4D1F700E9D8F8 /* Views */ = {
			isa = PBXGroup;
			children = (
				0983F74A29A4D19200E9D8F8 /* IFViewLiffeCycle.swift */,
				0983F74D29A4D21B00E9D8F8 /* IFView.swift */,
				093C409629A8C98600B4AECF /* IFAutoDimentionTableView.swift */,
			);
			path = Views;
			sourceTree = "<group>";
		};
		0983F74F29A4E80E00E9D8F8 /* BaseViewController */ = {
			isa = PBXGroup;
			children = (
				093C409829A8DA4000B4AECF /* HUDProtocol.swift */,
				0983F75029A4E82F00E9D8F8 /* IFBaseViewController.swift */,
			);
			path = BaseViewController;
			sourceTree = "<group>";
		};
		0983F75229A4EC5800E9D8F8 /* Constants */ = {
			isa = PBXGroup;
			children = (
				0983F75329A4EC7800E9D8F8 /* IFDoorsColors.swift */,
				0983F75529A4ECC300E9D8F8 /* IFDoorsMetrics.swift */,
				0983F76129A520CE00E9D8F8 /* IFDoorsFonts.swift */,
				093C408829A8B33B00B4AECF /* IFDoorsStrings.swift */,
				093C408A29A8B4CA00B4AECF /* IFDoorsImages.swift */,
			);
			path = Constants;
			sourceTree = "<group>";
		};
		0983F75929A51FD600E9D8F8 /* Resources */ = {
			isa = PBXGroup;
			children = (
				0983F76929A54BCE00E9D8F8 /* doors_list.json */,
				0983F75A29A51FFA00E9D8F8 /* Fonts */,
			);
			path = Resources;
			sourceTree = "<group>";
		};
		0983F75A29A51FFA00E9D8F8 /* Fonts */ = {
			isa = PBXGroup;
			children = (
				0983F75B29A5207400E9D8F8 /* Sk-Modernist-Bold.otf */,
				0983F75D29A5207400E9D8F8 /* Sk-Modernist-Mono.otf */,
				0983F75C29A5207400E9D8F8 /* Sk-Modernist-Regular.otf */,
			);
			path = Fonts;
			sourceTree = "<group>";
		};
		3AE380909835C86491AFC835 /* Pods */ = {
			isa = PBXGroup;
			children = (
				AF514AD2B7B60E8D666DB875 /* Pods-IFDoors.debug.xcconfig */,
				04A04393B169A41E18FE568C /* Pods-IFDoors.release.xcconfig */,
			);
			path = Pods;
			sourceTree = "<group>";
		};
		673DA43241AA222F2FD33AAD /* Frameworks */ = {
			isa = PBXGroup;
			children = (
				28AC8DF0CE12A9E59CE20493 /* Pods_IFDoors.framework */,
			);
			name = Frameworks;
			sourceTree = "<group>";
		};
/* End PBXGroup section */

/* Begin PBXNativeTarget section */
		0983F6F229A3A2FB00E9D8F8 /* IFDoors */ = {
			isa = PBXNativeTarget;
			buildConfigurationList = 0983F70729A3A2FE00E9D8F8 /* Build configuration list for PBXNativeTarget "IFDoors" */;
			buildPhases = (
				66F205EF2D142086E7E9D017 /* [CP] Check Pods Manifest.lock */,
				0983F6EF29A3A2FB00E9D8F8 /* Sources */,
				0983F6F029A3A2FB00E9D8F8 /* Frameworks */,
				0983F6F129A3A2FB00E9D8F8 /* Resources */,
				2401594B1E007D60DC662F32 /* [CP] Embed Pods Frameworks */,
			);
			buildRules = (
			);
			dependencies = (
			);
			name = IFDoors;
			productName = IFDoors;
			productReference = 0983F6F329A3A2FB00E9D8F8 /* IFDoors.app */;
			productType = "com.apple.product-type.application";
		};
/* End PBXNativeTarget section */

/* Begin PBXProject section */
		0983F6EB29A3A2FB00E9D8F8 /* Project object */ = {
			isa = PBXProject;
			attributes = {
				BuildIndependentTargetsInParallel = 1;
				LastSwiftUpdateCheck = 1420;
				LastUpgradeCheck = 1420;
				TargetAttributes = {
					0983F6F229A3A2FB00E9D8F8 = {
						CreatedOnToolsVersion = 14.2;
					};
				};
			};
			buildConfigurationList = 0983F6EE29A3A2FB00E9D8F8 /* Build configuration list for PBXProject "IFDoors" */;
			compatibilityVersion = "Xcode 14.0";
			developmentRegion = en;
			hasScannedForEncodings = 0;
			knownRegions = (
				en,
				Base,
			);
			mainGroup = 0983F6EA29A3A2FB00E9D8F8;
			productRefGroup = 0983F6F429A3A2FB00E9D8F8 /* Products */;
			projectDirPath = "";
			projectRoot = "";
			targets = (
				0983F6F229A3A2FB00E9D8F8 /* IFDoors */,
			);
		};
/* End PBXProject section */

/* Begin PBXResourcesBuildPhase section */
		0983F6F129A3A2FB00E9D8F8 /* Resources */ = {
			isa = PBXResourcesBuildPhase;
			buildActionMask = 2147483647;
			files = (
				0983F70329A3A2FE00E9D8F8 /* LaunchScreen.storyboard in Resources */,
				0983F75E29A5207400E9D8F8 /* Sk-Modernist-Bold.otf in Resources */,
				0983F75F29A5207400E9D8F8 /* Sk-Modernist-Regular.otf in Resources */,
				0983F76029A5207400E9D8F8 /* Sk-Modernist-Mono.otf in Resources */,
				0983F70029A3A2FE00E9D8F8 /* Assets.xcassets in Resources */,
				0983F76A29A54BCE00E9D8F8 /* doors_list.json in Resources */,
			);
			runOnlyForDeploymentPostprocessing = 0;
		};
/* End PBXResourcesBuildPhase section */

/* Begin PBXShellScriptBuildPhase section */
		2401594B1E007D60DC662F32 /* [CP] Embed Pods Frameworks */ = {
			isa = PBXShellScriptBuildPhase;
			buildActionMask = 2147483647;
			files = (
			);
			inputFileListPaths = (
				"${PODS_ROOT}/Target Support Files/Pods-IFDoors/Pods-IFDoors-frameworks-${CONFIGURATION}-input-files.xcfilelist",
			);
			name = "[CP] Embed Pods Frameworks";
			outputFileListPaths = (
				"${PODS_ROOT}/Target Support Files/Pods-IFDoors/Pods-IFDoors-frameworks-${CONFIGURATION}-output-files.xcfilelist",
			);
			runOnlyForDeploymentPostprocessing = 0;
			shellPath = /bin/sh;
			shellScript = "\"${PODS_ROOT}/Target Support Files/Pods-IFDoors/Pods-IFDoors-frameworks.sh\"\n";
			showEnvVarsInLog = 0;
		};
		66F205EF2D142086E7E9D017 /* [CP] Check Pods Manifest.lock */ = {
			isa = PBXShellScriptBuildPhase;
			buildActionMask = 2147483647;
			files = (
			);
			inputFileListPaths = (
			);
			inputPaths = (
				"${PODS_PODFILE_DIR_PATH}/Podfile.lock",
				"${PODS_ROOT}/Manifest.lock",
			);
			name = "[CP] Check Pods Manifest.lock";
			outputFileListPaths = (
			);
			outputPaths = (
				"$(DERIVED_FILE_DIR)/Pods-IFDoors-checkManifestLockResult.txt",
			);
			runOnlyForDeploymentPostprocessing = 0;
			shellPath = /bin/sh;
			shellScript = "diff \"${PODS_PODFILE_DIR_PATH}/Podfile.lock\" \"${PODS_ROOT}/Manifest.lock\" > /dev/null\nif [ $? != 0 ] ; then\n    # print error to STDERR\n    echo \"error: The sandbox is not in sync with the Podfile.lock. Run 'pod install' or update your CocoaPods installation.\" >&2\n    exit 1\nfi\n# This output is used by Xcode 'outputs' to avoid re-running this script phase.\necho \"SUCCESS\" > \"${SCRIPT_OUTPUT_FILE_0}\"\n";
			showEnvVarsInLog = 0;
		};
/* End PBXShellScriptBuildPhase section */

/* Begin PBXSourcesBuildPhase section */
		0983F6EF29A3A2FB00E9D8F8 /* Sources */ = {
			isa = PBXSourcesBuildPhase;
			buildActionMask = 2147483647;
			files = (
				0983F73529A4C02500E9D8F8 /* IFLabelProps.swift in Sources */,
				0983F74E29A4D21B00E9D8F8 /* IFView.swift in Sources */,
				0983F72929A4B9C400E9D8F8 /* IFViewProps.swift in Sources */,
				0983F73929A4C10D00E9D8F8 /* IFView+Render.swift in Sources */,
				0983F74029A4C5E800E9D8F8 /* IFButton+Render.swift in Sources */,
				0983F73329A4BFF400E9D8F8 /* IFImageViewPorps.swift in Sources */,
				0983F6F729A3A2FB00E9D8F8 /* AppDelegate.swift in Sources */,
				0983F74829A4D0D400E9D8F8 /* IFTableViewCellBase.swift in Sources */,
				0983F75429A4EC7800E9D8F8 /* IFDoorsColors.swift in Sources */,
				0983F74229A4CD6500E9D8F8 /* IFImageView+Render.swift in Sources */,
				0983F72F29A4BF6200E9D8F8 /* IFControlProps.swift in Sources */,
				0983F6F929A3A2FB00E9D8F8 /* SceneDelegate.swift in Sources */,
				0983F71229A3A3B400E9D8F8 /* IFDoorsModel.swift in Sources */,
				0983F75829A4FEC000E9D8F8 /* IFDoorTableViewCellProps.swift in Sources */,
				0983F74B29A4D19200E9D8F8 /* IFViewLiffeCycle.swift in Sources */,
				093C409729A8C98600B4AECF /* IFAutoDimentionTableView.swift in Sources */,
				0983F74529A4D01100E9D8F8 /* IFDoorTableViewCell.swift in Sources */,
				0983F75129A4E82F00E9D8F8 /* IFBaseViewController.swift in Sources */,
				0983F72C29A4BEAF00E9D8F8 /* IFCommand.swift in Sources */,
				0983F73729A4C09E00E9D8F8 /* IFLabel+Render.swift in Sources */,
				0983F71F29A4B40100E9D8F8 /* IFTableViewCellProps.swift in Sources */,
				093C408929A8B33B00B4AECF /* IFDoorsStrings.swift in Sources */,
				0983F71B29A4B0E300E9D8F8 /* IFDoorsViewProps.swift in Sources */,
				093C408B29A8B4CA00B4AECF /* IFDoorsImages.swift in Sources */,
				0983F76229A520CE00E9D8F8 /* IFDoorsFonts.swift in Sources */,
				0983F71829A3EDA600E9D8F8 /* UIColor+Hex.swift in Sources */,
				0983F73E29A4C33000E9D8F8 /* IFControl+Render.swift in Sources */,
				0983F75629A4ECC300E9D8F8 /* IFDoorsMetrics.swift in Sources */,
				0983F70E29A3A37200E9D8F8 /* IFDoorsViewController.swift in Sources */,
				0983F71029A3A3A600E9D8F8 /* IFDoorModel.swift in Sources */,
				0983F73129A4BFA900E9D8F8 /* IFButtonProps.swift in Sources */,
				093C409929A8DA4000B4AECF /* HUDProtocol.swift in Sources */,
			);
			runOnlyForDeploymentPostprocessing = 0;
		};
/* End PBXSourcesBuildPhase section */

/* Begin PBXVariantGroup section */
		0983F70129A3A2FE00E9D8F8 /* LaunchScreen.storyboard */ = {
			isa = PBXVariantGroup;
			children = (
				0983F70229A3A2FE00E9D8F8 /* Base */,
			);
			name = LaunchScreen.storyboard;
			sourceTree = "<group>";
		};
/* End PBXVariantGroup section */

/* Begin XCBuildConfiguration section */
		0983F70529A3A2FE00E9D8F8 /* Debug */ = {
			isa = XCBuildConfiguration;
			buildSettings = {
				ALWAYS_SEARCH_USER_PATHS = NO;
				CLANG_ANALYZER_NONNULL = YES;
				CLANG_ANALYZER_NUMBER_OBJECT_CONVERSION = YES_AGGRESSIVE;
				CLANG_CXX_LANGUAGE_STANDARD = "gnu++20";
				CLANG_ENABLE_MODULES = YES;
				CLANG_ENABLE_OBJC_ARC = YES;
				CLANG_ENABLE_OBJC_WEAK = YES;
				CLANG_WARN_BLOCK_CAPTURE_AUTORELEASING = YES;
				CLANG_WARN_BOOL_CONVERSION = YES;
				CLANG_WARN_COMMA = YES;
				CLANG_WARN_CONSTANT_CONVERSION = YES;
				CLANG_WARN_DEPRECATED_OBJC_IMPLEMENTATIONS = YES;
				CLANG_WARN_DIRECT_OBJC_ISA_USAGE = YES_ERROR;
				CLANG_WARN_DOCUMENTATION_COMMENTS = YES;
				CLANG_WARN_EMPTY_BODY = YES;
				CLANG_WARN_ENUM_CONVERSION = YES;
				CLANG_WARN_INFINITE_RECURSION = YES;
				CLANG_WARN_INT_CONVERSION = YES;
				CLANG_WARN_NON_LITERAL_NULL_CONVERSION = YES;
				CLANG_WARN_OBJC_IMPLICIT_RETAIN_SELF = YES;
				CLANG_WARN_OBJC_LITERAL_CONVERSION = YES;
				CLANG_WARN_OBJC_ROOT_CLASS = YES_ERROR;
				CLANG_WARN_QUOTED_INCLUDE_IN_FRAMEWORK_HEADER = YES;
				CLANG_WARN_RANGE_LOOP_ANALYSIS = YES;
				CLANG_WARN_STRICT_PROTOTYPES = YES;
				CLANG_WARN_SUSPICIOUS_MOVE = YES;
				CLANG_WARN_UNGUARDED_AVAILABILITY = YES_AGGRESSIVE;
				CLANG_WARN_UNREACHABLE_CODE = YES;
				CLANG_WARN__DUPLICATE_METHOD_MATCH = YES;
				COPY_PHASE_STRIP = NO;
				DEBUG_INFORMATION_FORMAT = dwarf;
				ENABLE_STRICT_OBJC_MSGSEND = YES;
				ENABLE_TESTABILITY = YES;
				GCC_C_LANGUAGE_STANDARD = gnu11;
				GCC_DYNAMIC_NO_PIC = NO;
				GCC_NO_COMMON_BLOCKS = YES;
				GCC_OPTIMIZATION_LEVEL = 0;
				GCC_PREPROCESSOR_DEFINITIONS = (
					"DEBUG=1",
					"$(inherited)",
				);
				GCC_WARN_64_TO_32_BIT_CONVERSION = YES;
				GCC_WARN_ABOUT_RETURN_TYPE = YES_ERROR;
				GCC_WARN_UNDECLARED_SELECTOR = YES;
				GCC_WARN_UNINITIALIZED_AUTOS = YES_AGGRESSIVE;
				GCC_WARN_UNUSED_FUNCTION = YES;
				GCC_WARN_UNUSED_VARIABLE = YES;
				IPHONEOS_DEPLOYMENT_TARGET = 16.2;
				MTL_ENABLE_DEBUG_INFO = INCLUDE_SOURCE;
				MTL_FAST_MATH = YES;
				ONLY_ACTIVE_ARCH = YES;
				SDKROOT = iphoneos;
				SWIFT_ACTIVE_COMPILATION_CONDITIONS = DEBUG;
				SWIFT_OPTIMIZATION_LEVEL = "-Onone";
			};
			name = Debug;
		};
		0983F70629A3A2FE00E9D8F8 /* Release */ = {
			isa = XCBuildConfiguration;
			buildSettings = {
				ALWAYS_SEARCH_USER_PATHS = NO;
				CLANG_ANALYZER_NONNULL = YES;
				CLANG_ANALYZER_NUMBER_OBJECT_CONVERSION = YES_AGGRESSIVE;
				CLANG_CXX_LANGUAGE_STANDARD = "gnu++20";
				CLANG_ENABLE_MODULES = YES;
				CLANG_ENABLE_OBJC_ARC = YES;
				CLANG_ENABLE_OBJC_WEAK = YES;
				CLANG_WARN_BLOCK_CAPTURE_AUTORELEASING = YES;
				CLANG_WARN_BOOL_CONVERSION = YES;
				CLANG_WARN_COMMA = YES;
				CLANG_WARN_CONSTANT_CONVERSION = YES;
				CLANG_WARN_DEPRECATED_OBJC_IMPLEMENTATIONS = YES;
				CLANG_WARN_DIRECT_OBJC_ISA_USAGE = YES_ERROR;
				CLANG_WARN_DOCUMENTATION_COMMENTS = YES;
				CLANG_WARN_EMPTY_BODY = YES;
				CLANG_WARN_ENUM_CONVERSION = YES;
				CLANG_WARN_INFINITE_RECURSION = YES;
				CLANG_WARN_INT_CONVERSION = YES;
				CLANG_WARN_NON_LITERAL_NULL_CONVERSION = YES;
				CLANG_WARN_OBJC_IMPLICIT_RETAIN_SELF = YES;
				CLANG_WARN_OBJC_LITERAL_CONVERSION = YES;
				CLANG_WARN_OBJC_ROOT_CLASS = YES_ERROR;
				CLANG_WARN_QUOTED_INCLUDE_IN_FRAMEWORK_HEADER = YES;
				CLANG_WARN_RANGE_LOOP_ANALYSIS = YES;
				CLANG_WARN_STRICT_PROTOTYPES = YES;
				CLANG_WARN_SUSPICIOUS_MOVE = YES;
				CLANG_WARN_UNGUARDED_AVAILABILITY = YES_AGGRESSIVE;
				CLANG_WARN_UNREACHABLE_CODE = YES;
				CLANG_WARN__DUPLICATE_METHOD_MATCH = YES;
				COPY_PHASE_STRIP = NO;
				DEBUG_INFORMATION_FORMAT = "dwarf-with-dsym";
				ENABLE_NS_ASSERTIONS = NO;
				ENABLE_STRICT_OBJC_MSGSEND = YES;
				GCC_C_LANGUAGE_STANDARD = gnu11;
				GCC_NO_COMMON_BLOCKS = YES;
				GCC_WARN_64_TO_32_BIT_CONVERSION = YES;
				GCC_WARN_ABOUT_RETURN_TYPE = YES_ERROR;
				GCC_WARN_UNDECLARED_SELECTOR = YES;
				GCC_WARN_UNINITIALIZED_AUTOS = YES_AGGRESSIVE;
				GCC_WARN_UNUSED_FUNCTION = YES;
				GCC_WARN_UNUSED_VARIABLE = YES;
				IPHONEOS_DEPLOYMENT_TARGET = 16.2;
				MTL_ENABLE_DEBUG_INFO = NO;
				MTL_FAST_MATH = YES;
				SDKROOT = iphoneos;
				SWIFT_COMPILATION_MODE = wholemodule;
				SWIFT_OPTIMIZATION_LEVEL = "-O";
				VALIDATE_PRODUCT = YES;
			};
			name = Release;
		};
		0983F70829A3A2FE00E9D8F8 /* Debug */ = {
			isa = XCBuildConfiguration;
			baseConfigurationReference = AF514AD2B7B60E8D666DB875 /* Pods-IFDoors.debug.xcconfig */;
			buildSettings = {
				ASSETCATALOG_COMPILER_APPICON_NAME = AppIcon;
				ASSETCATALOG_COMPILER_GLOBAL_ACCENT_COLOR_NAME = AccentColor;
				CODE_SIGN_STYLE = Automatic;
				CURRENT_PROJECT_VERSION = 1;
				DEVELOPMENT_TEAM = V33Y2M2HYU;
				GENERATE_INFOPLIST_FILE = YES;
				INFOPLIST_FILE = IFDoors/Info.plist;
				INFOPLIST_KEY_UIApplicationSupportsIndirectInputEvents = YES;
				INFOPLIST_KEY_UILaunchStoryboardName = LaunchScreen;
				INFOPLIST_KEY_UIMainStoryboardFile = "";
				INFOPLIST_KEY_UISupportedInterfaceOrientations = UIInterfaceOrientationPortrait;
				INFOPLIST_KEY_UISupportedInterfaceOrientations_iPad = "UIInterfaceOrientationLandscapeLeft UIInterfaceOrientationLandscapeRight UIInterfaceOrientationPortrait UIInterfaceOrientationPortraitUpsideDown";
				IPHONEOS_DEPLOYMENT_TARGET = 15;
				LD_RUNPATH_SEARCH_PATHS = (
					"$(inherited)",
					"@executable_path/Frameworks",
				);
				MARKETING_VERSION = 1.0;
				PRODUCT_BUNDLE_IDENTIFIER = ilya.fedorov.Doors;
				PRODUCT_NAME = "$(TARGET_NAME)";
				SUPPORTED_PLATFORMS = "iphoneos iphonesimulator";
				SUPPORTS_MACCATALYST = NO;
				SUPPORTS_MAC_DESIGNED_FOR_IPHONE_IPAD = NO;
				SWIFT_EMIT_LOC_STRINGS = YES;
				SWIFT_VERSION = 5.0;
				TARGETED_DEVICE_FAMILY = 1;
			};
			name = Debug;
		};
		0983F70929A3A2FE00E9D8F8 /* Release */ = {
			isa = XCBuildConfiguration;
			baseConfigurationReference = 04A04393B169A41E18FE568C /* Pods-IFDoors.release.xcconfig */;
			buildSettings = {
				ASSETCATALOG_COMPILER_APPICON_NAME = AppIcon;
				ASSETCATALOG_COMPILER_GLOBAL_ACCENT_COLOR_NAME = AccentColor;
				CODE_SIGN_STYLE = Automatic;
				CURRENT_PROJECT_VERSION = 1;
				DEVELOPMENT_TEAM = V33Y2M2HYU;
				GENERATE_INFOPLIST_FILE = YES;
				INFOPLIST_FILE = IFDoors/Info.plist;
				INFOPLIST_KEY_UIApplicationSupportsIndirectInputEvents = YES;
				INFOPLIST_KEY_UILaunchStoryboardName = LaunchScreen;
				INFOPLIST_KEY_UIMainStoryboardFile = "";
				INFOPLIST_KEY_UISupportedInterfaceOrientations = UIInterfaceOrientationPortrait;
				INFOPLIST_KEY_UISupportedInterfaceOrientations_iPad = "UIInterfaceOrientationLandscapeLeft UIInterfaceOrientationLandscapeRight UIInterfaceOrientationPortrait UIInterfaceOrientationPortraitUpsideDown";
				IPHONEOS_DEPLOYMENT_TARGET = 15;
				LD_RUNPATH_SEARCH_PATHS = (
					"$(inherited)",
					"@executable_path/Frameworks",
				);
				MARKETING_VERSION = 1.0;
				PRODUCT_BUNDLE_IDENTIFIER = ilya.fedorov.Doors;
				PRODUCT_NAME = "$(TARGET_NAME)";
				SUPPORTED_PLATFORMS = "iphoneos iphonesimulator";
				SUPPORTS_MACCATALYST = NO;
				SUPPORTS_MAC_DESIGNED_FOR_IPHONE_IPAD = NO;
				SWIFT_EMIT_LOC_STRINGS = YES;
				SWIFT_VERSION = 5.0;
				TARGETED_DEVICE_FAMILY = 1;
			};
			name = Release;
		};
/* End XCBuildConfiguration section */

/* Begin XCConfigurationList section */
		0983F6EE29A3A2FB00E9D8F8 /* Build configuration list for PBXProject "IFDoors" */ = {
			isa = XCConfigurationList;
			buildConfigurations = (
				0983F70529A3A2FE00E9D8F8 /* Debug */,
				0983F70629A3A2FE00E9D8F8 /* Release */,
			);
			defaultConfigurationIsVisible = 0;
			defaultConfigurationName = Release;
		};
		0983F70729A3A2FE00E9D8F8 /* Build configuration list for PBXNativeTarget "IFDoors" */ = {
			isa = XCConfigurationList;
			buildConfigurations = (
				0983F70829A3A2FE00E9D8F8 /* Debug */,
				0983F70929A3A2FE00E9D8F8 /* Release */,
			);
			defaultConfigurationIsVisible = 0;
			defaultConfigurationName = Release;
		};
/* End XCConfigurationList section */
	};
	rootObject = 0983F6EB29A3A2FB00E9D8F8 /* Project object */;
}
